
Microsoft Visual Studio Solution File, Format Version 12.00
# Visual Studio Version 16
VisualStudioVersion = 16.0.31729.503
MinimumVisualStudioVersion = 10.0.40219.1
Project("{9A19103F-16F7-4668-BE54-9A1E7A4F7556}") = "welcome", "welcome.csproj", "{29C3C24E-444B-475D-BFBC-7645E2A34F90}"
EndProject
Global
	GlobalSection(SolutionConfigurationPlatforms) = preSolution
		Debug|Any CPU = Debug|Any CPU
		Release|Any CPU = Release|Any CPU
	EndGlobalSection
	GlobalSection(ProjectConfigurationPlatforms) = postSolution
		{29C3C24E-444B-475D-BFBC-7645E2A34F90}.Debug|Any CPU.ActiveCfg = Debug|Any CPU
		{29C3C24E-444B-475D-BFBC-7645E2A34F90}.Debug|Any CPU.Build.0 = Debug|Any CPU
		{29C3C24E-444B-475D-BFBC-7645E2A34F90}.Release|Any CPU.ActiveCfg = Release|Any CPU
		{29C3C24E-444B-475D-BFBC-7645E2A34F90}.Release|Any CPU.Build.0 = Release|Any CPU
	EndGlobalSection
	GlobalSection(SolutionProperties) = preSolution
		HideSolutionNode = FALSE
	EndGlobalSection
	GlobalSection(ExtensibilityGlobals) = postSolution
		SolutionGuid = {56FD57FB-353F-444B-9366-B31E8E603BEC}
	EndGlobalSection
EndGlobal
